
Microsoft Visual Studio Solution File, Format Version 12.00
# Visual Studio Version 17
VisualStudioVersion = 17.10.35013.160
MinimumVisualStudioVersion = 10.0.40219.1
Project("{FAE04EC0-301F-11D3-BF4B-00C04F79EFBC}") = "WebApplication2", "WebApplication2\WebApplication2.csproj", "{40D39179-54E6-4FE3-A845-4151020A691F}"
EndProject
Global
	GlobalSection(SolutionConfigurationPlatforms) = preSolution
		Debug|Any CPU = Debug|Any CPU
		Release|Any CPU = Release|Any CPU
	EndGlobalSection
	GlobalSection(ProjectConfigurationPlatforms) = postSolution
		{40D39179-54E6-4FE3-A845-4151020A691F}.Debug|Any CPU.ActiveCfg = Debug|Any CPU
		{40D39179-54E6-4FE3-A845-4151020A691F}.Debug|Any CPU.Build.0 = Debug|Any CPU
		{40D39179-54E6-4FE3-A845-4151020A691F}.Release|Any CPU.ActiveCfg = Release|Any CPU
		{40D39179-54E6-4FE3-A845-4151020A691F}.Release|Any CPU.Build.0 = Release|Any CPU
	EndGlobalSection
	GlobalSection(SolutionProperties) = preSolution
		HideSolutionNode = FALSE
	EndGlobalSection
	GlobalSection(ExtensibilityGlobals) = postSolution
		SolutionGuid = {8F2432E3-6588-4382-9361-0B331F294A50}
	EndGlobalSection
EndGlobal
